
Microsoft Visual Studio Solution File, Format Version 12.00
# Visual Studio Version 16
VisualStudioVersion = 16.0.30804.86
MinimumVisualStudioVersion = 10.0.40219.1
Project("{9A19103F-16F7-4668-BE54-9A1E7A4F7556}") = "SpriteConverter", "src\SpriteConverter.csproj", "{53C079AE-78D0-484A-BE1A-9A802F15D3DC}"
EndProject
Project("{9A19103F-16F7-4668-BE54-9A1E7A4F7556}") = "SpriteConverter.Tests", "tests\SpriteConverter.Tests.csproj", "{77C7BEC1-5656-4206-AF1B-07274B17B331}"
EndProject
Global
	GlobalSection(SolutionConfigurationPlatforms) = preSolution
		Debug|Any CPU = Debug|Any CPU
		Release|Any CPU = Release|Any CPU
	EndGlobalSection
	GlobalSection(ProjectConfigurationPlatforms) = postSolution
		{53C079AE-78D0-484A-BE1A-9A802F15D3DC}.Debug|Any CPU.ActiveCfg = Debug|Any CPU
		{53C079AE-78D0-484A-BE1A-9A802F15D3DC}.Debug|Any CPU.Build.0 = Debug|Any CPU
		{53C079AE-78D0-484A-BE1A-9A802F15D3DC}.Release|Any CPU.ActiveCfg = Release|Any CPU
		{53C079AE-78D0-484A-BE1A-9A802F15D3DC}.Release|Any CPU.Build.0 = Release|Any CPU
		{77C7BEC1-5656-4206-AF1B-07274B17B331}.Debug|Any CPU.ActiveCfg = Debug|Any CPU
		{77C7BEC1-5656-4206-AF1B-07274B17B331}.Debug|Any CPU.Build.0 = Debug|Any CPU
		{77C7BEC1-5656-4206-AF1B-07274B17B331}.Release|Any CPU.ActiveCfg = Release|Any CPU
		{77C7BEC1-5656-4206-AF1B-07274B17B331}.Release|Any CPU.Build.0 = Release|Any CPU
	EndGlobalSection
	GlobalSection(SolutionProperties) = preSolution
		HideSolutionNode = FALSE
	EndGlobalSection
	GlobalSection(ExtensibilityGlobals) = postSolution
		SolutionGuid = {3F7EAD13-EB13-45DF-B5C5-FA19321F14E6}
	EndGlobalSection
EndGlobal
